
Microsoft Visual Studio Solution File, Format Version 12.00
# Visual Studio Version 17
VisualStudioVersion = 17.12.35707.178
MinimumVisualStudioVersion = 10.0.40219.1
Project("{FAE04EC0-301F-11D3-BF4B-00C04F79EFBC}") = "ProducerConsumer", "ProducerConsumer.csproj", "{46F9776E-D1E0-4F30-916E-CC1E470DBB02}"
EndProject
Project("{FAE04EC0-301F-11D3-BF4B-00C04F79EFBC}") = "ProducerConsumerThreads", "..\ProducerConsumerThreads\ProducerConsumerThreads.csproj", "{4C3D0659-7A82-4924-B8A6-4C919B70600F}"
EndProject
Project("{FAE04EC0-301F-11D3-BF4B-00C04F79EFBC}") = "ProducerConsumerBlockingCollection", "..\ProducerConsumerBlockingCollection\ProducerConsumerBlockingCollection.csproj", "{C8FCBBBE-0F54-4C31-947B-F68AB9FD039B}"
EndProject
Project("{FAE04EC0-301F-11D3-BF4B-00C04F79EFBC}") = "ProducerConsumerQueueTypes", "..\ProducerConsumerQueueTypes\ProducerConsumerQueueTypes.csproj", "{01484F4C-6438-4617-ADEC-9786508C319F}"
EndProject
Global
	GlobalSection(SolutionConfigurationPlatforms) = preSolution
		Debug|Any CPU = Debug|Any CPU
		Release|Any CPU = Release|Any CPU
	EndGlobalSection
	GlobalSection(ProjectConfigurationPlatforms) = postSolution
		{46F9776E-D1E0-4F30-916E-CC1E470DBB02}.Debug|Any CPU.ActiveCfg = Debug|Any CPU
		{46F9776E-D1E0-4F30-916E-CC1E470DBB02}.Debug|Any CPU.Build.0 = Debug|Any CPU
		{46F9776E-D1E0-4F30-916E-CC1E470DBB02}.Release|Any CPU.ActiveCfg = Release|Any CPU
		{46F9776E-D1E0-4F30-916E-CC1E470DBB02}.Release|Any CPU.Build.0 = Release|Any CPU
		{4C3D0659-7A82-4924-B8A6-4C919B70600F}.Debug|Any CPU.ActiveCfg = Debug|Any CPU
		{4C3D0659-7A82-4924-B8A6-4C919B70600F}.Debug|Any CPU.Build.0 = Debug|Any CPU
		{4C3D0659-7A82-4924-B8A6-4C919B70600F}.Release|Any CPU.ActiveCfg = Release|Any CPU
		{4C3D0659-7A82-4924-B8A6-4C919B70600F}.Release|Any CPU.Build.0 = Release|Any CPU
		{C8FCBBBE-0F54-4C31-947B-F68AB9FD039B}.Debug|Any CPU.ActiveCfg = Debug|Any CPU
		{C8FCBBBE-0F54-4C31-947B-F68AB9FD039B}.Debug|Any CPU.Build.0 = Debug|Any CPU
		{C8FCBBBE-0F54-4C31-947B-F68AB9FD039B}.Release|Any CPU.ActiveCfg = Release|Any CPU
		{C8FCBBBE-0F54-4C31-947B-F68AB9FD039B}.Release|Any CPU.Build.0 = Release|Any CPU
		{01484F4C-6438-4617-ADEC-9786508C319F}.Debug|Any CPU.ActiveCfg = Debug|Any CPU
		{01484F4C-6438-4617-ADEC-9786508C319F}.Debug|Any CPU.Build.0 = Debug|Any CPU
		{01484F4C-6438-4617-ADEC-9786508C319F}.Release|Any CPU.ActiveCfg = Release|Any CPU
		{01484F4C-6438-4617-ADEC-9786508C319F}.Release|Any CPU.Build.0 = Release|Any CPU
	EndGlobalSection
	GlobalSection(SolutionProperties) = preSolution
		HideSolutionNode = FALSE
	EndGlobalSection
	GlobalSection(ExtensibilityGlobals) = postSolution
		SolutionGuid = {8262C7D7-A8EB-4E3D-82B5-D5A408ECCACD}
	EndGlobalSection
EndGlobal
