
Microsoft Visual Studio Solution File, Format Version 12.00
# Visual Studio Version 17
VisualStudioVersion = 17.12.35707.178
MinimumVisualStudioVersion = 10.0.40219.1
Project("{FAE04EC0-301F-11D3-BF4B-00C04F79EFBC}") = "DependencyInjection", "DependencyInjection.csproj", "{0CE1B9C0-82D7-49F0-830B-1965A41718EA}"
EndProject
Project("{FAE04EC0-301F-11D3-BF4B-00C04F79EFBC}") = "DITests", "..\DITests\DITests.csproj", "{45ABE97F-FBB0-4D43-8F62-E3B6AAFB16EA}"
EndProject
Global
	GlobalSection(SolutionConfigurationPlatforms) = preSolution
		Debug|Any CPU = Debug|Any CPU
		Release|Any CPU = Release|Any CPU
	EndGlobalSection
	GlobalSection(ProjectConfigurationPlatforms) = postSolution
		{0CE1B9C0-82D7-49F0-830B-1965A41718EA}.Debug|Any CPU.ActiveCfg = Debug|Any CPU
		{0CE1B9C0-82D7-49F0-830B-1965A41718EA}.Debug|Any CPU.Build.0 = Debug|Any CPU
		{0CE1B9C0-82D7-49F0-830B-1965A41718EA}.Release|Any CPU.ActiveCfg = Release|Any CPU
		{0CE1B9C0-82D7-49F0-830B-1965A41718EA}.Release|Any CPU.Build.0 = Release|Any CPU
		{45ABE97F-FBB0-4D43-8F62-E3B6AAFB16EA}.Debug|Any CPU.ActiveCfg = Debug|Any CPU
		{45ABE97F-FBB0-4D43-8F62-E3B6AAFB16EA}.Debug|Any CPU.Build.0 = Debug|Any CPU
		{45ABE97F-FBB0-4D43-8F62-E3B6AAFB16EA}.Release|Any CPU.ActiveCfg = Release|Any CPU
		{45ABE97F-FBB0-4D43-8F62-E3B6AAFB16EA}.Release|Any CPU.Build.0 = Release|Any CPU
	EndGlobalSection
	GlobalSection(SolutionProperties) = preSolution
		HideSolutionNode = FALSE
	EndGlobalSection
EndGlobal
